
Microsoft Visual Studio Solution File, Format Version 12.00
# Visual Studio Version 16
VisualStudioVersion = 16.0.33328.57
MinimumVisualStudioVersion = 10.0.40219.1
Project("{FAE04EC0-301F-11D3-BF4B-00C04F79EFBC}") = "Mission08_group1-9", "Mission08_group1-9\Mission08_group1-9.csproj", "{4A6C8C5E-AD3A-4D80-958C-108686D96E39}"
EndProject
Global
	GlobalSection(SolutionConfigurationPlatforms) = preSolution
		Debug|Any CPU = Debug|Any CPU
		Release|Any CPU = Release|Any CPU
	EndGlobalSection
	GlobalSection(ProjectConfigurationPlatforms) = postSolution
		{4A6C8C5E-AD3A-4D80-958C-108686D96E39}.Debug|Any CPU.ActiveCfg = Debug|Any CPU
		{4A6C8C5E-AD3A-4D80-958C-108686D96E39}.Debug|Any CPU.Build.0 = Debug|Any CPU
		{4A6C8C5E-AD3A-4D80-958C-108686D96E39}.Release|Any CPU.ActiveCfg = Release|Any CPU
		{4A6C8C5E-AD3A-4D80-958C-108686D96E39}.Release|Any CPU.Build.0 = Release|Any CPU
	EndGlobalSection
	GlobalSection(SolutionProperties) = preSolution
		HideSolutionNode = FALSE
	EndGlobalSection
	GlobalSection(ExtensibilityGlobals) = postSolution
		SolutionGuid = {EF01BF86-C193-4E16-B944-14040CD29DF6}
	EndGlobalSection
EndGlobal
